
Microsoft Visual Studio Solution File, Format Version 12.00
# Visual Studio Version 16
VisualStudioVersion = 16.0.29709.97
MinimumVisualStudioVersion = 10.0.40219.1
Project("{FAE04EC0-301F-11D3-BF4B-00C04F79EFBC}") = "FinalProgamacion3", "FinalProgamacion3\FinalProgamacion3.csproj", "{C9BCE415-9B17-4D9A-83F8-B8542350FA2C}"
EndProject
Global
	GlobalSection(SolutionConfigurationPlatforms) = preSolution
		Debug|Any CPU = Debug|Any CPU
		Release|Any CPU = Release|Any CPU
	EndGlobalSection
	GlobalSection(ProjectConfigurationPlatforms) = postSolution
		{C9BCE415-9B17-4D9A-83F8-B8542350FA2C}.Debug|Any CPU.ActiveCfg = Debug|Any CPU
		{C9BCE415-9B17-4D9A-83F8-B8542350FA2C}.Debug|Any CPU.Build.0 = Debug|Any CPU
		{C9BCE415-9B17-4D9A-83F8-B8542350FA2C}.Release|Any CPU.ActiveCfg = Release|Any CPU
		{C9BCE415-9B17-4D9A-83F8-B8542350FA2C}.Release|Any CPU.Build.0 = Release|Any CPU
	EndGlobalSection
	GlobalSection(SolutionProperties) = preSolution
		HideSolutionNode = FALSE
	EndGlobalSection
	GlobalSection(ExtensibilityGlobals) = postSolution
		SolutionGuid = {1B4CB7FD-0B39-4C6B-AF8A-2B7288E38524}
	EndGlobalSection
EndGlobal
